PODS:
  - AFNetworking (2.5.4):
    - AFNetworking/NSURLConnection (= 2.5.4)
    - AFNetworking/NSURLSession (= 2.5.4)
    - AFNetworking/Reachability (= 2.5.4)
    - AFNetworking/Security (= 2.5.4)
    - AFNetworking/Serialization (= 2.5.4)
    - AFNetworking/UIKit (= 2.5.4)
  - AFNetworking/NSURLConnection (2.5.4):
    - AFNetworking/Reachability
    - AFNetworking/Security
    - AFNetworking/Serialization
  - AFNetworking/NSURLSession (2.5.4):
    - AFNetworking/Reachability
    - AFNetworking/Security
    - AFNetworking/Serialization
  - AFNetworking/Reachability (2.5.4)
  - AFNetworking/Security (2.5.4)
  - AFNetworking/Serialization (2.5.4)
  - AFNetworking/UIKit (2.5.4):
    - AFNetworking/NSURLConnection
    - AFNetworking/NSURLSession
  - BLKFlexibleHeightBar (1.0.2)
  - Bolts/Tasks (1.2.0)
  - NYTPhotoViewer (0.1.2)
  - Parse (1.7.4):
    - Bolts/Tasks (>= 1.1.5)
  - TGCameraViewController (2.2)

DEPENDENCIES:
  - AFNetworking
  - BLKFlexibleHeightBar
  - NYTPhotoViewer
  - Parse
  - TGCameraViewController

SPEC CHECKSUMS:
  AFNetworking: 05edc0ac4c4c8cf57bcf4b84be5b0744b6d8e71e
  BLKFlexibleHeightBar: b27572a69633d8e33f1f2bbc486b04d8e86f742d
  Bolts: d176cb1e0012175589e389a9db49b85e27787576
  NYTPhotoViewer: 874a57dd833238b52ab2e8d1c827356c763626c3
  Parse: 6ca512c6e860b66739c95151b2f76ac4712b7842
  TGCameraViewController: 0222c0a0d636976423066bdec6d0bafea1673a63

COCOAPODS: 0.37.2
